
Microsoft Visual Studio Solution File, Format Version 11.00
# Visual Studio 2010
Project("{FAE04EC0-301F-11D3-BF4B-00C04F79EFBC}") = "NullVoidCreations.Janitor.Shell", "NullVoidCreations.Janitor.Shell\NullVoidCreations.Janitor.Shell.csproj", "{C8FC9723-C563-4877-81FC-C837B25DC600}"
EndProject
Project("{FAE04EC0-301F-11D3-BF4B-00C04F79EFBC}") = "NullVoidCreations.Janitor.Shared", "NullVoidCreations.Janitor.Shared\NullVoidCreations.Janitor.Shared.csproj", "{828E8A68-B06C-4750-97D4-4E6B25B8523D}"
EndProject
Project("{FAE04EC0-301F-11D3-BF4B-00C04F79EFBC}") = "NullVoidCreations.Janitor.Plugin.Browser", "NullVoidCreations.Janitor.Plugin.Browser\NullVoidCreations.Janitor.Plugin.Browser.csproj", "{E008224F-57D7-4BFC-B7DC-A592EF2683E9}"
EndProject
Project("{FAE04EC0-301F-11D3-BF4B-00C04F79EFBC}") = "NullVoidCreations.Janitor.Plugin.System", "NullVoidCreations.Janitor.Plugin.Utility\NullVoidCreations.Janitor.Plugin.System.csproj", "{AEE51337-2D6F-4DE6-987A-F1C37A152A91}"
EndProject
Project("{54435603-DBB4-11D2-8724-00A0C9A8B90C}") = "NullVoidCreations.Janitor.Setup", "NullVoidCreations.Janitor.Setup\NullVoidCreations.Janitor.Setup.vdproj", "{7673A38E-774D-43A2-B537-388057377EC1}"
EndProject
Global
	GlobalSection(SolutionConfigurationPlatforms) = preSolution
		Debug|Any CPU = Debug|Any CPU
		Debug|Mixed Platforms = Debug|Mixed Platforms
		Debug|x86 = Debug|x86
		Release|Any CPU = Release|Any CPU
		Release|Mixed Platforms = Release|Mixed Platforms
		Release|x86 = Release|x86
	EndGlobalSection
	GlobalSection(ProjectConfigurationPlatforms) = postSolution
		{C8FC9723-C563-4877-81FC-C837B25DC600}.Debug|Any CPU.ActiveCfg = Debug|x86
		{C8FC9723-C563-4877-81FC-C837B25DC600}.Debug|Mixed Platforms.ActiveCfg = Debug|x86
		{C8FC9723-C563-4877-81FC-C837B25DC600}.Debug|Mixed Platforms.Build.0 = Debug|x86
		{C8FC9723-C563-4877-81FC-C837B25DC600}.Debug|x86.ActiveCfg = Debug|x86
		{C8FC9723-C563-4877-81FC-C837B25DC600}.Debug|x86.Build.0 = Debug|x86
		{C8FC9723-C563-4877-81FC-C837B25DC600}.Release|Any CPU.ActiveCfg = Release|x86
		{C8FC9723-C563-4877-81FC-C837B25DC600}.Release|Mixed Platforms.ActiveCfg = Release|x86
		{C8FC9723-C563-4877-81FC-C837B25DC600}.Release|Mixed Platforms.Build.0 = Release|x86
		{C8FC9723-C563-4877-81FC-C837B25DC600}.Release|x86.ActiveCfg = Release|x86
		{C8FC9723-C563-4877-81FC-C837B25DC600}.Release|x86.Build.0 = Release|x86
		{828E8A68-B06C-4750-97D4-4E6B25B8523D}.Debug|Any CPU.ActiveCfg = Debug|Any CPU
		{828E8A68-B06C-4750-97D4-4E6B25B8523D}.Debug|Any CPU.Build.0 = Debug|Any CPU
		{828E8A68-B06C-4750-97D4-4E6B25B8523D}.Debug|Mixed Platforms.ActiveCfg = Debug|Any CPU
		{828E8A68-B06C-4750-97D4-4E6B25B8523D}.Debug|Mixed Platforms.Build.0 = Debug|Any CPU
		{828E8A68-B06C-4750-97D4-4E6B25B8523D}.Debug|x86.ActiveCfg = Debug|Any CPU
		{828E8A68-B06C-4750-97D4-4E6B25B8523D}.Release|Any CPU.ActiveCfg = Release|Any CPU
		{828E8A68-B06C-4750-97D4-4E6B25B8523D}.Release|Any CPU.Build.0 = Release|Any CPU
		{828E8A68-B06C-4750-97D4-4E6B25B8523D}.Release|Mixed Platforms.ActiveCfg = Release|Any CPU
		{828E8A68-B06C-4750-97D4-4E6B25B8523D}.Release|Mixed Platforms.Build.0 = Release|Any CPU
		{828E8A68-B06C-4750-97D4-4E6B25B8523D}.Release|x86.ActiveCfg = Release|Any CPU
		{E008224F-57D7-4BFC-B7DC-A592EF2683E9}.Debug|Any CPU.ActiveCfg = Debug|Any CPU
		{E008224F-57D7-4BFC-B7DC-A592EF2683E9}.Debug|Any CPU.Build.0 = Debug|Any CPU
		{E008224F-57D7-4BFC-B7DC-A592EF2683E9}.Debug|Mixed Platforms.ActiveCfg = Debug|Any CPU
		{E008224F-57D7-4BFC-B7DC-A592EF2683E9}.Debug|Mixed Platforms.Build.0 = Debug|Any CPU
		{E008224F-57D7-4BFC-B7DC-A592EF2683E9}.Debug|x86.ActiveCfg = Debug|Any CPU
		{E008224F-57D7-4BFC-B7DC-A592EF2683E9}.Release|Any CPU.ActiveCfg = Release|Any CPU
		{E008224F-57D7-4BFC-B7DC-A592EF2683E9}.Release|Any CPU.Build.0 = Release|Any CPU
		{E008224F-57D7-4BFC-B7DC-A592EF2683E9}.Release|Mixed Platforms.ActiveCfg = Release|Any CPU
		{E008224F-57D7-4BFC-B7DC-A592EF2683E9}.Release|Mixed Platforms.Build.0 = Release|Any CPU
		{E008224F-57D7-4BFC-B7DC-A592EF2683E9}.Release|x86.ActiveCfg = Release|Any CPU
		{AEE51337-2D6F-4DE6-987A-F1C37A152A91}.Debug|Any CPU.ActiveCfg = Debug|Any CPU
		{AEE51337-2D6F-4DE6-987A-F1C37A152A91}.Debug|Any CPU.Build.0 = Debug|Any CPU
		{AEE51337-2D6F-4DE6-987A-F1C37A152A91}.Debug|Mixed Platforms.ActiveCfg = Debug|Any CPU
		{AEE51337-2D6F-4DE6-987A-F1C37A152A91}.Debug|Mixed Platforms.Build.0 = Debug|Any CPU
		{AEE51337-2D6F-4DE6-987A-F1C37A152A91}.Debug|x86.ActiveCfg = Debug|Any CPU
		{AEE51337-2D6F-4DE6-987A-F1C37A152A91}.Release|Any CPU.ActiveCfg = Release|Any CPU
		{AEE51337-2D6F-4DE6-987A-F1C37A152A91}.Release|Any CPU.Build.0 = Release|Any CPU
		{AEE51337-2D6F-4DE6-987A-F1C37A152A91}.Release|Mixed Platforms.ActiveCfg = Release|Any CPU
		{AEE51337-2D6F-4DE6-987A-F1C37A152A91}.Release|Mixed Platforms.Build.0 = Release|Any CPU
		{AEE51337-2D6F-4DE6-987A-F1C37A152A91}.Release|x86.ActiveCfg = Release|Any CPU
		{7673A38E-774D-43A2-B537-388057377EC1}.Debug|Any CPU.ActiveCfg = Debug
		{7673A38E-774D-43A2-B537-388057377EC1}.Debug|Mixed Platforms.ActiveCfg = Debug
		{7673A38E-774D-43A2-B537-388057377EC1}.Debug|x86.ActiveCfg = Debug
		{7673A38E-774D-43A2-B537-388057377EC1}.Release|Any CPU.ActiveCfg = Release
		{7673A38E-774D-43A2-B537-388057377EC1}.Release|Mixed Platforms.ActiveCfg = Release
		{7673A38E-774D-43A2-B537-388057377EC1}.Release|x86.ActiveCfg = Release
	EndGlobalSection
	GlobalSection(SolutionProperties) = preSolution
		HideSolutionNode = FALSE
	EndGlobalSection
EndGlobal
