
Microsoft Visual Studio Solution File, Format Version 11.00
# Visual Studio 2010
Project("{FAE04EC0-301F-11D3-BF4B-00C04F79EFBC}") = "NullVoidCreations.Janitor.Shell", "NullVoidCreations.Janitor.Shell\NullVoidCreations.Janitor.Shell.csproj", "{C8FC9723-C563-4877-81FC-C837B25DC600}"
EndProject
Project("{FAE04EC0-301F-11D3-BF4B-00C04F79EFBC}") = "NullVoidCreations.Janitor.Shared", "NullVoidCreations.Janitor.Shared\NullVoidCreations.Janitor.Shared.csproj", "{828E8A68-B06C-4750-97D4-4E6B25B8523D}"
EndProject
Project("{FAE04EC0-301F-11D3-BF4B-00C04F79EFBC}") = "NullVoidCreations.Janitor.Plugin.Browser", "NullVoidCreations.Janitor.Plugin.Browser\NullVoidCreations.Janitor.Plugin.Browser.csproj", "{E008224F-57D7-4BFC-B7DC-A592EF2683E9}"
EndProject
Project("{FAE04EC0-301F-11D3-BF4B-00C04F79EFBC}") = "NullVoidCreations.Janitor.Plugin.System", "NullVoidCreations.Janitor.Plugin.Utility\NullVoidCreations.Janitor.Plugin.System.csproj", "{AEE51337-2D6F-4DE6-987A-F1C37A152A91}"
EndProject
Project("{6141683F-8A12-4E36-9623-2EB02B2C2303}") = "NullVoidCreations.Janitor.Setup", "NullVoidCreations.Janitor.Setup\NullVoidCreations.Janitor.Setup.isproj", "{9D1F4D1F-0E46-4235-A25D-6213C0F9C5A4}"
	ProjectSection(ProjectDependencies) = postProject
		{C8FC9723-C563-4877-81FC-C837B25DC600} = {C8FC9723-C563-4877-81FC-C837B25DC600}
		{C8FC9723-C563-4877-81FC-C837B25DC600} = {C8FC9723-C563-4877-81FC-C837B25DC600}
	EndProjectSection
EndProject
Project("{FAE04EC0-301F-11D3-BF4B-00C04F79EFBC}") = "NullVoidCreations.Janitor.Licensing", "NullVoidCreations.Janitor.Licensing\NullVoidCreations.Janitor.Licensing.csproj", "{065B984D-9D65-4775-BB8A-82D239D851A8}"
EndProject
Project("{FAE04EC0-301F-11D3-BF4B-00C04F79EFBC}") = "NullVoidCreations.Janitor.Plugin.Miscellaneous", "NullVoidCreations.Janitor.Plugin.Miscellaneous\NullVoidCreations.Janitor.Plugin.Miscellaneous.csproj", "{5CCCE8B2-A9EF-481C-807B-AB12FF075BCC}"
EndProject
Project("{FAE04EC0-301F-11D3-BF4B-00C04F79EFBC}") = "NullVoidCreations.Janitor.Signature", "NullVoidCreations.Janitor.Signature\NullVoidCreations.Janitor.Signature.csproj", "{A9A76922-49F6-41D5-AB48-1B01F41C338D}"
EndProject
Global
	GlobalSection(SolutionConfigurationPlatforms) = preSolution
		CD_ROM|Any CPU = CD_ROM|Any CPU
		CD_ROM|Mixed Platforms = CD_ROM|Mixed Platforms
		CD_ROM|x86 = CD_ROM|x86
		Debug|Any CPU = Debug|Any CPU
		Debug|Mixed Platforms = Debug|Mixed Platforms
		Debug|x86 = Debug|x86
		DVD-5|Any CPU = DVD-5|Any CPU
		DVD-5|Mixed Platforms = DVD-5|Mixed Platforms
		DVD-5|x86 = DVD-5|x86
		Release|Any CPU = Release|Any CPU
		Release|Mixed Platforms = Release|Mixed Platforms
		Release|x86 = Release|x86
		SingleImage|Any CPU = SingleImage|Any CPU
		SingleImage|Mixed Platforms = SingleImage|Mixed Platforms
		SingleImage|x86 = SingleImage|x86
	EndGlobalSection
	GlobalSection(ProjectConfigurationPlatforms) = postSolution
		{C8FC9723-C563-4877-81FC-C837B25DC600}.CD_ROM|Any CPU.ActiveCfg = Release|x86
		{C8FC9723-C563-4877-81FC-C837B25DC600}.CD_ROM|Mixed Platforms.ActiveCfg = Release|x86
		{C8FC9723-C563-4877-81FC-C837B25DC600}.CD_ROM|Mixed Platforms.Build.0 = Release|x86
		{C8FC9723-C563-4877-81FC-C837B25DC600}.CD_ROM|x86.ActiveCfg = Release|x86
		{C8FC9723-C563-4877-81FC-C837B25DC600}.CD_ROM|x86.Build.0 = Release|x86
		{C8FC9723-C563-4877-81FC-C837B25DC600}.Debug|Any CPU.ActiveCfg = Debug|x86
		{C8FC9723-C563-4877-81FC-C837B25DC600}.Debug|Mixed Platforms.ActiveCfg = Debug|x86
		{C8FC9723-C563-4877-81FC-C837B25DC600}.Debug|Mixed Platforms.Build.0 = Debug|x86
		{C8FC9723-C563-4877-81FC-C837B25DC600}.Debug|x86.ActiveCfg = Debug|x86
		{C8FC9723-C563-4877-81FC-C837B25DC600}.Debug|x86.Build.0 = Debug|x86
		{C8FC9723-C563-4877-81FC-C837B25DC600}.DVD-5|Any CPU.ActiveCfg = Debug|x86
		{C8FC9723-C563-4877-81FC-C837B25DC600}.DVD-5|Mixed Platforms.ActiveCfg = Debug|x86
		{C8FC9723-C563-4877-81FC-C837B25DC600}.DVD-5|Mixed Platforms.Build.0 = Debug|x86
		{C8FC9723-C563-4877-81FC-C837B25DC600}.DVD-5|x86.ActiveCfg = Debug|x86
		{C8FC9723-C563-4877-81FC-C837B25DC600}.DVD-5|x86.Build.0 = Debug|x86
		{C8FC9723-C563-4877-81FC-C837B25DC600}.Release|Any CPU.ActiveCfg = Release|x86
		{C8FC9723-C563-4877-81FC-C837B25DC600}.Release|Mixed Platforms.ActiveCfg = Release|x86
		{C8FC9723-C563-4877-81FC-C837B25DC600}.Release|Mixed Platforms.Build.0 = Release|x86
		{C8FC9723-C563-4877-81FC-C837B25DC600}.Release|x86.ActiveCfg = Release|x86
		{C8FC9723-C563-4877-81FC-C837B25DC600}.Release|x86.Build.0 = Release|x86
		{C8FC9723-C563-4877-81FC-C837B25DC600}.SingleImage|Any CPU.ActiveCfg = Release|x86
		{C8FC9723-C563-4877-81FC-C837B25DC600}.SingleImage|Mixed Platforms.ActiveCfg = Release|x86
		{C8FC9723-C563-4877-81FC-C837B25DC600}.SingleImage|Mixed Platforms.Build.0 = Release|x86
		{C8FC9723-C563-4877-81FC-C837B25DC600}.SingleImage|x86.ActiveCfg = Release|x86
		{C8FC9723-C563-4877-81FC-C837B25DC600}.SingleImage|x86.Build.0 = Release|x86
		{828E8A68-B06C-4750-97D4-4E6B25B8523D}.CD_ROM|Any CPU.ActiveCfg = Release|Any CPU
		{828E8A68-B06C-4750-97D4-4E6B25B8523D}.CD_ROM|Any CPU.Build.0 = Release|Any CPU
		{828E8A68-B06C-4750-97D4-4E6B25B8523D}.CD_ROM|Mixed Platforms.ActiveCfg = Release|Any CPU
		{828E8A68-B06C-4750-97D4-4E6B25B8523D}.CD_ROM|Mixed Platforms.Build.0 = Release|Any CPU
		{828E8A68-B06C-4750-97D4-4E6B25B8523D}.CD_ROM|x86.ActiveCfg = Release|Any CPU
		{828E8A68-B06C-4750-97D4-4E6B25B8523D}.Debug|Any CPU.ActiveCfg = Debug|Any CPU
		{828E8A68-B06C-4750-97D4-4E6B25B8523D}.Debug|Any CPU.Build.0 = Debug|Any CPU
		{828E8A68-B06C-4750-97D4-4E6B25B8523D}.Debug|Mixed Platforms.ActiveCfg = Debug|Any CPU
		{828E8A68-B06C-4750-97D4-4E6B25B8523D}.Debug|Mixed Platforms.Build.0 = Debug|Any CPU
		{828E8A68-B06C-4750-97D4-4E6B25B8523D}.Debug|x86.ActiveCfg = Debug|Any CPU
		{828E8A68-B06C-4750-97D4-4E6B25B8523D}.DVD-5|Any CPU.ActiveCfg = Debug|Any CPU
		{828E8A68-B06C-4750-97D4-4E6B25B8523D}.DVD-5|Any CPU.Build.0 = Debug|Any CPU
		{828E8A68-B06C-4750-97D4-4E6B25B8523D}.DVD-5|Mixed Platforms.ActiveCfg = Debug|Any CPU
		{828E8A68-B06C-4750-97D4-4E6B25B8523D}.DVD-5|Mixed Platforms.Build.0 = Debug|Any CPU
		{828E8A68-B06C-4750-97D4-4E6B25B8523D}.DVD-5|x86.ActiveCfg = Debug|Any CPU
		{828E8A68-B06C-4750-97D4-4E6B25B8523D}.Release|Any CPU.ActiveCfg = Release|Any CPU
		{828E8A68-B06C-4750-97D4-4E6B25B8523D}.Release|Any CPU.Build.0 = Release|Any CPU
		{828E8A68-B06C-4750-97D4-4E6B25B8523D}.Release|Mixed Platforms.ActiveCfg = Release|Any CPU
		{828E8A68-B06C-4750-97D4-4E6B25B8523D}.Release|Mixed Platforms.Build.0 = Release|Any CPU
		{828E8A68-B06C-4750-97D4-4E6B25B8523D}.Release|x86.ActiveCfg = Release|Any CPU
		{828E8A68-B06C-4750-97D4-4E6B25B8523D}.SingleImage|Any CPU.ActiveCfg = Release|Any CPU
		{828E8A68-B06C-4750-97D4-4E6B25B8523D}.SingleImage|Any CPU.Build.0 = Release|Any CPU
		{828E8A68-B06C-4750-97D4-4E6B25B8523D}.SingleImage|Mixed Platforms.ActiveCfg = Release|Any CPU
		{828E8A68-B06C-4750-97D4-4E6B25B8523D}.SingleImage|Mixed Platforms.Build.0 = Release|Any CPU
		{828E8A68-B06C-4750-97D4-4E6B25B8523D}.SingleImage|x86.ActiveCfg = Release|Any CPU
		{E008224F-57D7-4BFC-B7DC-A592EF2683E9}.CD_ROM|Any CPU.ActiveCfg = Release|Any CPU
		{E008224F-57D7-4BFC-B7DC-A592EF2683E9}.CD_ROM|Any CPU.Build.0 = Release|Any CPU
		{E008224F-57D7-4BFC-B7DC-A592EF2683E9}.CD_ROM|Mixed Platforms.ActiveCfg = Release|Any CPU
		{E008224F-57D7-4BFC-B7DC-A592EF2683E9}.CD_ROM|Mixed Platforms.Build.0 = Release|Any CPU
		{E008224F-57D7-4BFC-B7DC-A592EF2683E9}.CD_ROM|x86.ActiveCfg = Release|Any CPU
		{E008224F-57D7-4BFC-B7DC-A592EF2683E9}.Debug|Any CPU.ActiveCfg = Debug|Any CPU
		{E008224F-57D7-4BFC-B7DC-A592EF2683E9}.Debug|Any CPU.Build.0 = Debug|Any CPU
		{E008224F-57D7-4BFC-B7DC-A592EF2683E9}.Debug|Mixed Platforms.ActiveCfg = Debug|Any CPU
		{E008224F-57D7-4BFC-B7DC-A592EF2683E9}.Debug|Mixed Platforms.Build.0 = Debug|Any CPU
		{E008224F-57D7-4BFC-B7DC-A592EF2683E9}.Debug|x86.ActiveCfg = Debug|Any CPU
		{E008224F-57D7-4BFC-B7DC-A592EF2683E9}.DVD-5|Any CPU.ActiveCfg = Debug|Any CPU
		{E008224F-57D7-4BFC-B7DC-A592EF2683E9}.DVD-5|Any CPU.Build.0 = Debug|Any CPU
		{E008224F-57D7-4BFC-B7DC-A592EF2683E9}.DVD-5|Mixed Platforms.ActiveCfg = Debug|Any CPU
		{E008224F-57D7-4BFC-B7DC-A592EF2683E9}.DVD-5|Mixed Platforms.Build.0 = Debug|Any CPU
		{E008224F-57D7-4BFC-B7DC-A592EF2683E9}.DVD-5|x86.ActiveCfg = Debug|Any CPU
		{E008224F-57D7-4BFC-B7DC-A592EF2683E9}.Release|Any CPU.ActiveCfg = Release|Any CPU
		{E008224F-57D7-4BFC-B7DC-A592EF2683E9}.Release|Any CPU.Build.0 = Release|Any CPU
		{E008224F-57D7-4BFC-B7DC-A592EF2683E9}.Release|Mixed Platforms.ActiveCfg = Release|Any CPU
		{E008224F-57D7-4BFC-B7DC-A592EF2683E9}.Release|Mixed Platforms.Build.0 = Release|Any CPU
		{E008224F-57D7-4BFC-B7DC-A592EF2683E9}.Release|x86.ActiveCfg = Release|Any CPU
		{E008224F-57D7-4BFC-B7DC-A592EF2683E9}.SingleImage|Any CPU.ActiveCfg = Release|Any CPU
		{E008224F-57D7-4BFC-B7DC-A592EF2683E9}.SingleImage|Any CPU.Build.0 = Release|Any CPU
		{E008224F-57D7-4BFC-B7DC-A592EF2683E9}.SingleImage|Mixed Platforms.ActiveCfg = Release|Any CPU
		{E008224F-57D7-4BFC-B7DC-A592EF2683E9}.SingleImage|Mixed Platforms.Build.0 = Release|Any CPU
		{E008224F-57D7-4BFC-B7DC-A592EF2683E9}.SingleImage|x86.ActiveCfg = Release|Any CPU
		{AEE51337-2D6F-4DE6-987A-F1C37A152A91}.CD_ROM|Any CPU.ActiveCfg = Release|Any CPU
		{AEE51337-2D6F-4DE6-987A-F1C37A152A91}.CD_ROM|Any CPU.Build.0 = Release|Any CPU
		{AEE51337-2D6F-4DE6-987A-F1C37A152A91}.CD_ROM|Mixed Platforms.ActiveCfg = Release|Any CPU
		{AEE51337-2D6F-4DE6-987A-F1C37A152A91}.CD_ROM|Mixed Platforms.Build.0 = Release|Any CPU
		{AEE51337-2D6F-4DE6-987A-F1C37A152A91}.CD_ROM|x86.ActiveCfg = Release|Any CPU
		{AEE51337-2D6F-4DE6-987A-F1C37A152A91}.Debug|Any CPU.ActiveCfg = Debug|Any CPU
		{AEE51337-2D6F-4DE6-987A-F1C37A152A91}.Debug|Any CPU.Build.0 = Debug|Any CPU
		{AEE51337-2D6F-4DE6-987A-F1C37A152A91}.Debug|Mixed Platforms.ActiveCfg = Debug|Any CPU
		{AEE51337-2D6F-4DE6-987A-F1C37A152A91}.Debug|Mixed Platforms.Build.0 = Debug|Any CPU
		{AEE51337-2D6F-4DE6-987A-F1C37A152A91}.Debug|x86.ActiveCfg = Debug|Any CPU
		{AEE51337-2D6F-4DE6-987A-F1C37A152A91}.DVD-5|Any CPU.ActiveCfg = Debug|Any CPU
		{AEE51337-2D6F-4DE6-987A-F1C37A152A91}.DVD-5|Any CPU.Build.0 = Debug|Any CPU
		{AEE51337-2D6F-4DE6-987A-F1C37A152A91}.DVD-5|Mixed Platforms.ActiveCfg = Debug|Any CPU
		{AEE51337-2D6F-4DE6-987A-F1C37A152A91}.DVD-5|Mixed Platforms.Build.0 = Debug|Any CPU
		{AEE51337-2D6F-4DE6-987A-F1C37A152A91}.DVD-5|x86.ActiveCfg = Debug|Any CPU
		{AEE51337-2D6F-4DE6-987A-F1C37A152A91}.Release|Any CPU.ActiveCfg = Release|Any CPU
		{AEE51337-2D6F-4DE6-987A-F1C37A152A91}.Release|Any CPU.Build.0 = Release|Any CPU
		{AEE51337-2D6F-4DE6-987A-F1C37A152A91}.Release|Mixed Platforms.ActiveCfg = Release|Any CPU
		{AEE51337-2D6F-4DE6-987A-F1C37A152A91}.Release|Mixed Platforms.Build.0 = Release|Any CPU
		{AEE51337-2D6F-4DE6-987A-F1C37A152A91}.Release|x86.ActiveCfg = Release|Any CPU
		{AEE51337-2D6F-4DE6-987A-F1C37A152A91}.SingleImage|Any CPU.ActiveCfg = Release|Any CPU
		{AEE51337-2D6F-4DE6-987A-F1C37A152A91}.SingleImage|Any CPU.Build.0 = Release|Any CPU
		{AEE51337-2D6F-4DE6-987A-F1C37A152A91}.SingleImage|Mixed Platforms.ActiveCfg = Release|Any CPU
		{AEE51337-2D6F-4DE6-987A-F1C37A152A91}.SingleImage|Mixed Platforms.Build.0 = Release|Any CPU
		{AEE51337-2D6F-4DE6-987A-F1C37A152A91}.SingleImage|x86.ActiveCfg = Release|Any CPU
		{9D1F4D1F-0E46-4235-A25D-6213C0F9C5A4}.CD_ROM|Any CPU.ActiveCfg = CD_ROM
		{9D1F4D1F-0E46-4235-A25D-6213C0F9C5A4}.CD_ROM|Any CPU.Build.0 = CD_ROM
		{9D1F4D1F-0E46-4235-A25D-6213C0F9C5A4}.CD_ROM|Mixed Platforms.ActiveCfg = CD_ROM
		{9D1F4D1F-0E46-4235-A25D-6213C0F9C5A4}.CD_ROM|Mixed Platforms.Build.0 = CD_ROM
		{9D1F4D1F-0E46-4235-A25D-6213C0F9C5A4}.CD_ROM|x86.ActiveCfg = CD_ROM
		{9D1F4D1F-0E46-4235-A25D-6213C0F9C5A4}.CD_ROM|x86.Build.0 = CD_ROM
		{9D1F4D1F-0E46-4235-A25D-6213C0F9C5A4}.Debug|Any CPU.ActiveCfg = DVD-5
		{9D1F4D1F-0E46-4235-A25D-6213C0F9C5A4}.Debug|Any CPU.Build.0 = DVD-5
		{9D1F4D1F-0E46-4235-A25D-6213C0F9C5A4}.Debug|Mixed Platforms.ActiveCfg = SingleImage
		{9D1F4D1F-0E46-4235-A25D-6213C0F9C5A4}.Debug|x86.ActiveCfg = DVD-5
		{9D1F4D1F-0E46-4235-A25D-6213C0F9C5A4}.Debug|x86.Build.0 = DVD-5
		{9D1F4D1F-0E46-4235-A25D-6213C0F9C5A4}.DVD-5|Any CPU.ActiveCfg = DVD-5
		{9D1F4D1F-0E46-4235-A25D-6213C0F9C5A4}.DVD-5|Any CPU.Build.0 = DVD-5
		{9D1F4D1F-0E46-4235-A25D-6213C0F9C5A4}.DVD-5|Mixed Platforms.ActiveCfg = DVD-5
		{9D1F4D1F-0E46-4235-A25D-6213C0F9C5A4}.DVD-5|Mixed Platforms.Build.0 = DVD-5
		{9D1F4D1F-0E46-4235-A25D-6213C0F9C5A4}.DVD-5|x86.ActiveCfg = DVD-5
		{9D1F4D1F-0E46-4235-A25D-6213C0F9C5A4}.DVD-5|x86.Build.0 = DVD-5
		{9D1F4D1F-0E46-4235-A25D-6213C0F9C5A4}.Release|Any CPU.ActiveCfg = SingleImage
		{9D1F4D1F-0E46-4235-A25D-6213C0F9C5A4}.Release|Any CPU.Build.0 = SingleImage
		{9D1F4D1F-0E46-4235-A25D-6213C0F9C5A4}.Release|Mixed Platforms.ActiveCfg = SingleImage
		{9D1F4D1F-0E46-4235-A25D-6213C0F9C5A4}.Release|Mixed Platforms.Build.0 = SingleImage
		{9D1F4D1F-0E46-4235-A25D-6213C0F9C5A4}.Release|x86.ActiveCfg = SingleImage
		{9D1F4D1F-0E46-4235-A25D-6213C0F9C5A4}.Release|x86.Build.0 = SingleImage
		{9D1F4D1F-0E46-4235-A25D-6213C0F9C5A4}.SingleImage|Any CPU.ActiveCfg = SingleImage
		{9D1F4D1F-0E46-4235-A25D-6213C0F9C5A4}.SingleImage|Any CPU.Build.0 = SingleImage
		{9D1F4D1F-0E46-4235-A25D-6213C0F9C5A4}.SingleImage|Mixed Platforms.ActiveCfg = SingleImage
		{9D1F4D1F-0E46-4235-A25D-6213C0F9C5A4}.SingleImage|Mixed Platforms.Build.0 = SingleImage
		{9D1F4D1F-0E46-4235-A25D-6213C0F9C5A4}.SingleImage|x86.ActiveCfg = SingleImage
		{9D1F4D1F-0E46-4235-A25D-6213C0F9C5A4}.SingleImage|x86.Build.0 = SingleImage
		{065B984D-9D65-4775-BB8A-82D239D851A8}.CD_ROM|Any CPU.ActiveCfg = Release|Any CPU
		{065B984D-9D65-4775-BB8A-82D239D851A8}.CD_ROM|Any CPU.Build.0 = Release|Any CPU
		{065B984D-9D65-4775-BB8A-82D239D851A8}.CD_ROM|Mixed Platforms.ActiveCfg = Release|Any CPU
		{065B984D-9D65-4775-BB8A-82D239D851A8}.CD_ROM|Mixed Platforms.Build.0 = Release|Any CPU
		{065B984D-9D65-4775-BB8A-82D239D851A8}.CD_ROM|x86.ActiveCfg = Release|Any CPU
		{065B984D-9D65-4775-BB8A-82D239D851A8}.Debug|Any CPU.ActiveCfg = Debug|Any CPU
		{065B984D-9D65-4775-BB8A-82D239D851A8}.Debug|Any CPU.Build.0 = Debug|Any CPU
		{065B984D-9D65-4775-BB8A-82D239D851A8}.Debug|Mixed Platforms.ActiveCfg = Debug|Any CPU
		{065B984D-9D65-4775-BB8A-82D239D851A8}.Debug|Mixed Platforms.Build.0 = Debug|Any CPU
		{065B984D-9D65-4775-BB8A-82D239D851A8}.Debug|x86.ActiveCfg = Debug|Any CPU
		{065B984D-9D65-4775-BB8A-82D239D851A8}.DVD-5|Any CPU.ActiveCfg = Debug|Any CPU
		{065B984D-9D65-4775-BB8A-82D239D851A8}.DVD-5|Any CPU.Build.0 = Debug|Any CPU
		{065B984D-9D65-4775-BB8A-82D239D851A8}.DVD-5|Mixed Platforms.ActiveCfg = Debug|Any CPU
		{065B984D-9D65-4775-BB8A-82D239D851A8}.DVD-5|Mixed Platforms.Build.0 = Debug|Any CPU
		{065B984D-9D65-4775-BB8A-82D239D851A8}.DVD-5|x86.ActiveCfg = Debug|Any CPU
		{065B984D-9D65-4775-BB8A-82D239D851A8}.Release|Any CPU.ActiveCfg = Release|Any CPU
		{065B984D-9D65-4775-BB8A-82D239D851A8}.Release|Any CPU.Build.0 = Release|Any CPU
		{065B984D-9D65-4775-BB8A-82D239D851A8}.Release|Mixed Platforms.ActiveCfg = Release|Any CPU
		{065B984D-9D65-4775-BB8A-82D239D851A8}.Release|Mixed Platforms.Build.0 = Release|Any CPU
		{065B984D-9D65-4775-BB8A-82D239D851A8}.Release|x86.ActiveCfg = Release|Any CPU
		{065B984D-9D65-4775-BB8A-82D239D851A8}.SingleImage|Any CPU.ActiveCfg = Release|Any CPU
		{065B984D-9D65-4775-BB8A-82D239D851A8}.SingleImage|Any CPU.Build.0 = Release|Any CPU
		{065B984D-9D65-4775-BB8A-82D239D851A8}.SingleImage|Mixed Platforms.ActiveCfg = Release|Any CPU
		{065B984D-9D65-4775-BB8A-82D239D851A8}.SingleImage|Mixed Platforms.Build.0 = Release|Any CPU
		{065B984D-9D65-4775-BB8A-82D239D851A8}.SingleImage|x86.ActiveCfg = Release|Any CPU
		{5CCCE8B2-A9EF-481C-807B-AB12FF075BCC}.CD_ROM|Any CPU.ActiveCfg = Release|Any CPU
		{5CCCE8B2-A9EF-481C-807B-AB12FF075BCC}.CD_ROM|Any CPU.Build.0 = Release|Any CPU
		{5CCCE8B2-A9EF-481C-807B-AB12FF075BCC}.CD_ROM|Mixed Platforms.ActiveCfg = Release|Any CPU
		{5CCCE8B2-A9EF-481C-807B-AB12FF075BCC}.CD_ROM|Mixed Platforms.Build.0 = Release|Any CPU
		{5CCCE8B2-A9EF-481C-807B-AB12FF075BCC}.CD_ROM|x86.ActiveCfg = Release|Any CPU
		{5CCCE8B2-A9EF-481C-807B-AB12FF075BCC}.Debug|Any CPU.ActiveCfg = Debug|Any CPU
		{5CCCE8B2-A9EF-481C-807B-AB12FF075BCC}.Debug|Any CPU.Build.0 = Debug|Any CPU
		{5CCCE8B2-A9EF-481C-807B-AB12FF075BCC}.Debug|Mixed Platforms.ActiveCfg = Debug|Any CPU
		{5CCCE8B2-A9EF-481C-807B-AB12FF075BCC}.Debug|Mixed Platforms.Build.0 = Debug|Any CPU
		{5CCCE8B2-A9EF-481C-807B-AB12FF075BCC}.Debug|x86.ActiveCfg = Debug|Any CPU
		{5CCCE8B2-A9EF-481C-807B-AB12FF075BCC}.DVD-5|Any CPU.ActiveCfg = Debug|Any CPU
		{5CCCE8B2-A9EF-481C-807B-AB12FF075BCC}.DVD-5|Any CPU.Build.0 = Debug|Any CPU
		{5CCCE8B2-A9EF-481C-807B-AB12FF075BCC}.DVD-5|Mixed Platforms.ActiveCfg = Debug|Any CPU
		{5CCCE8B2-A9EF-481C-807B-AB12FF075BCC}.DVD-5|Mixed Platforms.Build.0 = Debug|Any CPU
		{5CCCE8B2-A9EF-481C-807B-AB12FF075BCC}.DVD-5|x86.ActiveCfg = Debug|Any CPU
		{5CCCE8B2-A9EF-481C-807B-AB12FF075BCC}.Release|Any CPU.ActiveCfg = Release|Any CPU
		{5CCCE8B2-A9EF-481C-807B-AB12FF075BCC}.Release|Any CPU.Build.0 = Release|Any CPU
		{5CCCE8B2-A9EF-481C-807B-AB12FF075BCC}.Release|Mixed Platforms.ActiveCfg = Release|Any CPU
		{5CCCE8B2-A9EF-481C-807B-AB12FF075BCC}.Release|Mixed Platforms.Build.0 = Release|Any CPU
		{5CCCE8B2-A9EF-481C-807B-AB12FF075BCC}.Release|x86.ActiveCfg = Release|Any CPU
		{5CCCE8B2-A9EF-481C-807B-AB12FF075BCC}.SingleImage|Any CPU.ActiveCfg = Release|Any CPU
		{5CCCE8B2-A9EF-481C-807B-AB12FF075BCC}.SingleImage|Any CPU.Build.0 = Release|Any CPU
		{5CCCE8B2-A9EF-481C-807B-AB12FF075BCC}.SingleImage|Mixed Platforms.ActiveCfg = Release|Any CPU
		{5CCCE8B2-A9EF-481C-807B-AB12FF075BCC}.SingleImage|Mixed Platforms.Build.0 = Release|Any CPU
		{5CCCE8B2-A9EF-481C-807B-AB12FF075BCC}.SingleImage|x86.ActiveCfg = Release|Any CPU
		{A9A76922-49F6-41D5-AB48-1B01F41C338D}.CD_ROM|Any CPU.ActiveCfg = Release|Any CPU
		{A9A76922-49F6-41D5-AB48-1B01F41C338D}.CD_ROM|Any CPU.Build.0 = Release|Any CPU
		{A9A76922-49F6-41D5-AB48-1B01F41C338D}.CD_ROM|Mixed Platforms.ActiveCfg = Release|Any CPU
		{A9A76922-49F6-41D5-AB48-1B01F41C338D}.CD_ROM|Mixed Platforms.Build.0 = Release|Any CPU
		{A9A76922-49F6-41D5-AB48-1B01F41C338D}.CD_ROM|x86.ActiveCfg = Release|Any CPU
		{A9A76922-49F6-41D5-AB48-1B01F41C338D}.Debug|Any CPU.ActiveCfg = Debug|Any CPU
		{A9A76922-49F6-41D5-AB48-1B01F41C338D}.Debug|Any CPU.Build.0 = Debug|Any CPU
		{A9A76922-49F6-41D5-AB48-1B01F41C338D}.Debug|Mixed Platforms.ActiveCfg = Debug|Any CPU
		{A9A76922-49F6-41D5-AB48-1B01F41C338D}.Debug|Mixed Platforms.Build.0 = Debug|Any CPU
		{A9A76922-49F6-41D5-AB48-1B01F41C338D}.Debug|x86.ActiveCfg = Debug|Any CPU
		{A9A76922-49F6-41D5-AB48-1B01F41C338D}.DVD-5|Any CPU.ActiveCfg = Debug|Any CPU
		{A9A76922-49F6-41D5-AB48-1B01F41C338D}.DVD-5|Any CPU.Build.0 = Debug|Any CPU
		{A9A76922-49F6-41D5-AB48-1B01F41C338D}.DVD-5|Mixed Platforms.ActiveCfg = Debug|Any CPU
		{A9A76922-49F6-41D5-AB48-1B01F41C338D}.DVD-5|Mixed Platforms.Build.0 = Debug|Any CPU
		{A9A76922-49F6-41D5-AB48-1B01F41C338D}.DVD-5|x86.ActiveCfg = Debug|Any CPU
		{A9A76922-49F6-41D5-AB48-1B01F41C338D}.Release|Any CPU.ActiveCfg = Release|Any CPU
		{A9A76922-49F6-41D5-AB48-1B01F41C338D}.Release|Any CPU.Build.0 = Release|Any CPU
		{A9A76922-49F6-41D5-AB48-1B01F41C338D}.Release|Mixed Platforms.ActiveCfg = Release|Any CPU
		{A9A76922-49F6-41D5-AB48-1B01F41C338D}.Release|Mixed Platforms.Build.0 = Release|Any CPU
		{A9A76922-49F6-41D5-AB48-1B01F41C338D}.Release|x86.ActiveCfg = Release|Any CPU
		{A9A76922-49F6-41D5-AB48-1B01F41C338D}.SingleImage|Any CPU.ActiveCfg = Release|Any CPU
		{A9A76922-49F6-41D5-AB48-1B01F41C338D}.SingleImage|Any CPU.Build.0 = Release|Any CPU
		{A9A76922-49F6-41D5-AB48-1B01F41C338D}.SingleImage|Mixed Platforms.ActiveCfg = Release|Any CPU
		{A9A76922-49F6-41D5-AB48-1B01F41C338D}.SingleImage|Mixed Platforms.Build.0 = Release|Any CPU
		{A9A76922-49F6-41D5-AB48-1B01F41C338D}.SingleImage|x86.ActiveCfg = Release|Any CPU
	EndGlobalSection
	GlobalSection(SolutionProperties) = preSolution
		HideSolutionNode = FALSE
	EndGlobalSection
EndGlobal
